
Microsoft Visual Studio Solution File, Format Version 12.00
# Visual Studio 2012
Project("{FAE04EC0-301F-11D3-BF4B-00C04F79EFBC}") = "Landscapes", "Landscapes\Landscapes.csproj", "{0FB1EE39-80F6-4257-B9FB-28BB592F42EB}"
EndProject
Global
	GlobalSection(SolutionConfigurationPlatforms) = preSolution
		Debug|Any CPU = Debug|Any CPU
		Release|Any CPU = Release|Any CPU
	EndGlobalSection
	GlobalSection(ProjectConfigurationPlatforms) = postSolution
		{0FB1EE39-80F6-4257-B9FB-28BB592F42EB}.Debug|Any CPU.ActiveCfg = Debug|Any CPU
		{0FB1EE39-80F6-4257-B9FB-28BB592F42EB}.Debug|Any CPU.Build.0 = Debug|Any CPU
		{0FB1EE39-80F6-4257-B9FB-28BB592F42EB}.Release|Any CPU.ActiveCfg = Release|Any CPU
		{0FB1EE39-80F6-4257-B9FB-28BB592F42EB}.Release|Any CPU.Build.0 = Release|Any CPU
	EndGlobalSection
	GlobalSection(SolutionProperties) = preSolution
		HideSolutionNode = FALSE
	EndGlobalSection
EndGlobal
