
Microsoft Visual Studio Solution File, Format Version 12.00
# Visual Studio 2012
Project("{FAE04EC0-301F-11D3-BF4B-00C04F79EFBC}") = "Violation", "Violation\Violation.csproj", "{E7C699AF-01FE-4F80-B374-6905EEC3F0AA}"
EndProject
Global
	GlobalSection(SolutionConfigurationPlatforms) = preSolution
		Debug|Any CPU = Debug|Any CPU
		Release|Any CPU = Release|Any CPU
	EndGlobalSection
	GlobalSection(ProjectConfigurationPlatforms) = postSolution
		{E7C699AF-01FE-4F80-B374-6905EEC3F0AA}.Debug|Any CPU.ActiveCfg = Debug|Any CPU
		{E7C699AF-01FE-4F80-B374-6905EEC3F0AA}.Debug|Any CPU.Build.0 = Debug|Any CPU
		{E7C699AF-01FE-4F80-B374-6905EEC3F0AA}.Release|Any CPU.ActiveCfg = Release|Any CPU
		{E7C699AF-01FE-4F80-B374-6905EEC3F0AA}.Release|Any CPU.Build.0 = Release|Any CPU
	EndGlobalSection
	GlobalSection(SolutionProperties) = preSolution
		HideSolutionNode = FALSE
	EndGlobalSection
EndGlobal
